
Microsoft Visual Studio Solution File, Format Version 12.00
# Visual Studio 15
VisualStudioVersion = 15.0.28307.902
MinimumVisualStudioVersion = 10.0.40219.1
Project("{9A19103F-16F7-4668-BE54-9A1E7A4F7556}") = "SMS_Sender", "SMS_Sender\SMS_Sender.csproj", "{61D3D6C4-2DFA-46F2-B3AD-AFA08D4B8FC6}"
EndProject
Project("{9A19103F-16F7-4668-BE54-9A1E7A4F7556}") = "SMS_Sender.DATA", "SMS_Sender.DATA\SMS_Sender.DATA.csproj", "{67544D81-A475-4E4F-A525-21E6A8083380}"
EndProject
Project("{2150E333-8FDC-42A3-9474-1A3956D46DE8}") = "SQL_Skripte", "SQL_Skripte", "{C9895565-99BA-4BF8-818A-6E381437A94A}"
	ProjectSection(SolutionItems) = preProject
		..\..\..\Desktop\SQLSKRIPTE\CreateDbDemo.sql = ..\..\..\Desktop\SQLSKRIPTE\CreateDbDemo.sql
		..\..\..\Desktop\SQLSKRIPTE\CreateLogin_ap_demo.sql = ..\..\..\Desktop\SQLSKRIPTE\CreateLogin_ap_demo.sql
		..\..\..\Desktop\SQLSKRIPTE\CreateTableRecipients.sql = ..\..\..\Desktop\SQLSKRIPTE\CreateTableRecipients.sql
		..\..\..\Desktop\SQLSKRIPTE\CreateTableSentMessages.sql = ..\..\..\Desktop\SQLSKRIPTE\CreateTableSentMessages.sql
		..\..\..\Desktop\SQLSKRIPTE\CreateUser_ap_demo.sql = ..\..\..\Desktop\SQLSKRIPTE\CreateUser_ap_demo.sql
	EndProjectSection
EndProject
Global
	GlobalSection(SolutionConfigurationPlatforms) = preSolution
		Debug|Any CPU = Debug|Any CPU
		Release|Any CPU = Release|Any CPU
	EndGlobalSection
	GlobalSection(ProjectConfigurationPlatforms) = postSolution
		{61D3D6C4-2DFA-46F2-B3AD-AFA08D4B8FC6}.Debug|Any CPU.ActiveCfg = Debug|Any CPU
		{61D3D6C4-2DFA-46F2-B3AD-AFA08D4B8FC6}.Debug|Any CPU.Build.0 = Debug|Any CPU
		{61D3D6C4-2DFA-46F2-B3AD-AFA08D4B8FC6}.Release|Any CPU.ActiveCfg = Release|Any CPU
		{61D3D6C4-2DFA-46F2-B3AD-AFA08D4B8FC6}.Release|Any CPU.Build.0 = Release|Any CPU
		{67544D81-A475-4E4F-A525-21E6A8083380}.Debug|Any CPU.ActiveCfg = Debug|Any CPU
		{67544D81-A475-4E4F-A525-21E6A8083380}.Debug|Any CPU.Build.0 = Debug|Any CPU
		{67544D81-A475-4E4F-A525-21E6A8083380}.Release|Any CPU.ActiveCfg = Release|Any CPU
		{67544D81-A475-4E4F-A525-21E6A8083380}.Release|Any CPU.Build.0 = Release|Any CPU
	EndGlobalSection
	GlobalSection(SolutionProperties) = preSolution
		HideSolutionNode = FALSE
	EndGlobalSection
	GlobalSection(ExtensibilityGlobals) = postSolution
		SolutionGuid = {F6752AC2-AEC1-4602-A8AF-E75ABB6732AF}
	EndGlobalSection
EndGlobal
